PODS:
  - BugRepoKit (0.1.0)
  - FBSnapshotTestCase (2.1.4):
    - FBSnapshotTestCase/SwiftSupport (= 2.1.4)
  - FBSnapshotTestCase/Core (2.1.4)
  - FBSnapshotTestCase/SwiftSupport (2.1.4):
    - FBSnapshotTestCase/Core

DEPENDENCIES:
  - BugRepoKit (from `../`)
  - FBSnapshotTestCase

EXTERNAL SOURCES:
  BugRepoKit:
    :path: "../"

SPEC CHECKSUMS:
  BugRepoKit: bf7255a8b74fab25a4f7c89a7bc72b40df9b1b3d
  FBSnapshotTestCase: 094f9f314decbabe373b87cc339bea235a63e07a

PODFILE CHECKSUM: b8b0663121c182c7a13f5863be388cc14e0379c8

COCOAPODS: 1.1.1
